
Microsoft Visual Studio Solution File, Format Version 12.00
# Visual Studio Version 16
VisualStudioVersion = 16.0.31702.278
MinimumVisualStudioVersion = 10.0.40219.1
Project("{FAE04EC0-301F-11D3-BF4B-00C04F79EFBC}") = "harvia1", "harvia1\harvia1.csproj", "{AA1D12E8-C820-4A14-8CFA-7814AA442D7B}"
EndProject
Global
	GlobalSection(SolutionConfigurationPlatforms) = preSolution
		Debug|Any CPU = Debug|Any CPU
		Release|Any CPU = Release|Any CPU
	EndGlobalSection
	GlobalSection(ProjectConfigurationPlatforms) = postSolution
		{AA1D12E8-C820-4A14-8CFA-7814AA442D7B}.Debug|Any CPU.ActiveCfg = Debug|Any CPU
		{AA1D12E8-C820-4A14-8CFA-7814AA442D7B}.Debug|Any CPU.Build.0 = Debug|Any CPU
		{AA1D12E8-C820-4A14-8CFA-7814AA442D7B}.Release|Any CPU.ActiveCfg = Release|Any CPU
		{AA1D12E8-C820-4A14-8CFA-7814AA442D7B}.Release|Any CPU.Build.0 = Release|Any CPU
	EndGlobalSection
	GlobalSection(SolutionProperties) = preSolution
		HideSolutionNode = FALSE
	EndGlobalSection
	GlobalSection(ExtensibilityGlobals) = postSolution
		SolutionGuid = {F0D40303-C81E-483B-8F76-77D33D6DE237}
	EndGlobalSection
EndGlobal
