
Microsoft Visual Studio Solution File, Format Version 12.00
# Visual Studio Version 17
VisualStudioVersion = 17.0.32112.339
MinimumVisualStudioVersion = 10.0.40219.1
Project("{FAE04EC0-301F-11D3-BF4B-00C04F79EFBC}") = "SMLiiga", "SMLiiga\SMLiiga.csproj", "{B32C9DB8-B570-43CC-8AB7-8B8FBBBA9C8A}"
EndProject
Global
	GlobalSection(SolutionConfigurationPlatforms) = preSolution
		Debug|Any CPU = Debug|Any CPU
		Release|Any CPU = Release|Any CPU
	EndGlobalSection
	GlobalSection(ProjectConfigurationPlatforms) = postSolution
		{B32C9DB8-B570-43CC-8AB7-8B8FBBBA9C8A}.Debug|Any CPU.ActiveCfg = Debug|Any CPU
		{B32C9DB8-B570-43CC-8AB7-8B8FBBBA9C8A}.Debug|Any CPU.Build.0 = Debug|Any CPU
		{B32C9DB8-B570-43CC-8AB7-8B8FBBBA9C8A}.Release|Any CPU.ActiveCfg = Release|Any CPU
		{B32C9DB8-B570-43CC-8AB7-8B8FBBBA9C8A}.Release|Any CPU.Build.0 = Release|Any CPU
	EndGlobalSection
	GlobalSection(SolutionProperties) = preSolution
		HideSolutionNode = FALSE
	EndGlobalSection
	GlobalSection(ExtensibilityGlobals) = postSolution
		SolutionGuid = {FF728A47-F436-4F37-BC35-9F599CAC9678}
	EndGlobalSection
EndGlobal
